// !$*UTF8*$!
{
	archiveVersion = 1;
	classes = {
	};
	objectVersion = 50;
	objects = {

/* Begin PBXBuildFile section */
		8825145A252993D800933968 /* FakeMenu.swift in Sources */ = {isa = PBXBuildFile; fileRef = 88251459252993D800933968 /* FakeMenu.swift */; };
		88AC5BAE2529EE900044F45D /* NewsDatePicker.swift in Sources */ = {isa = PBXBuildFile; fileRef = 88AC5BAD2529EE900044F45D /* NewsDatePicker.swift */; };
		FA88478B252811D900326FBA /* AppDelegate.swift in Sources */ = {isa = PBXBuildFile; fileRef = FA88478A252811D900326FBA /* AppDelegate.swift */; };
		FA88478D252811D900326FBA /* SceneDelegate.swift in Sources */ = {isa = PBXBuildFile; fileRef = FA88478C252811D900326FBA /* SceneDelegate.swift */; };
		FA88478F252811D900326FBA /* ContentView.swift in Sources */ = {isa = PBXBuildFile; fileRef = FA88478E252811D900326FBA /* ContentView.swift */; };
		FA884791252811DC00326FBA /* Assets.xcassets in Resources */ = {isa = PBXBuildFile; fileRef = FA884790252811DC00326FBA /* Assets.xcassets */; };
		FA884794252811DC00326FBA /* Preview Assets.xcassets in Resources */ = {isa = PBXBuildFile; fileRef = FA884793252811DC00326FBA /* Preview Assets.xcassets */; };
		FA884797252811DC00326FBA /* LaunchScreen.storyboard in Resources */ = {isa = PBXBuildFile; fileRef = FA884795252811DC00326FBA /* LaunchScreen.storyboard */; };
		FA8847A22528120100326FBA /* Data.swift in Sources */ = {isa = PBXBuildFile; fileRef = FA8847A12528120100326FBA /* Data.swift */; };
		FA8847A32528120100326FBA /* NewsResponse.swift in Sources */ = {isa = PBXBuildFile; fileRef = FA8847A02528120100326FBA /* NewsResponse.swift */; };
		FA8847A42528120100326FBA /* RefreshNewsList.swift in Sources */ = {isa = PBXBuildFile; fileRef = FA88479F2528120100326FBA /* RefreshNewsList.swift */; };
		FA8847AD2528176700326FBA /* NewsList.swift in Sources */ = {isa = PBXBuildFile; fileRef = FA8847AC2528176700326FBA /* NewsList.swift */; };
		FA8847B025281A6800326FBA /* NewsCell.swift in Sources */ = {isa = PBXBuildFile; fileRef = FA8847AF25281A6800326FBA /* NewsCell.swift */; };
		FA8847B42528202C00326FBA /* ImageFrom.swift in Sources */ = {isa = PBXBuildFile; fileRef = FA8847B32528202C00326FBA /* ImageFrom.swift */; };
		FA8847BA2528360D00326FBA /* NewsTags.swift in Sources */ = {isa = PBXBuildFile; fileRef = FA8847B92528360D00326FBA /* NewsTags.swift */; };
/* End PBXBuildFile section */

/* Begin PBXFileReference section */
		88251459252993D800933968 /* FakeMenu.swift */ = {isa = PBXFileReference; lastKnownFileType = sourcecode.swift; path = FakeMenu.swift; sourceTree = "<group>"; };
		88AC5BAD2529EE900044F45D /* NewsDatePicker.swift */ = {isa = PBXFileReference; lastKnownFileType = sourcecode.swift; path = NewsDatePicker.swift; sourceTree = "<group>"; };
		FA884787252811D900326FBA /* FinalNews.app */ = {isa = PBXFileReference; explicitFileType = wrapper.application; includeInIndex = 0; path = FinalNews.app; sourceTree = BUILT_PRODUCTS_DIR; };
		FA88478A252811D900326FBA /* AppDelegate.swift */ = {isa = PBXFileReference; lastKnownFileType = sourcecode.swift; path = AppDelegate.swift; sourceTree = "<group>"; };
		FA88478C252811D900326FBA /* SceneDelegate.swift */ = {isa = PBXFileReference; lastKnownFileType = sourcecode.swift; path = SceneDelegate.swift; sourceTree = "<group>"; };
		FA88478E252811D900326FBA /* ContentView.swift */ = {isa = PBXFileReference; lastKnownFileType = sourcecode.swift; path = ContentView.swift; sourceTree = "<group>"; };
		FA884790252811DC00326FBA /* Assets.xcassets */ = {isa = PBXFileReference; lastKnownFileType = folder.assetcatalog; path = Assets.xcassets; sourceTree = "<group>"; };
		FA884793252811DC00326FBA /* Preview Assets.xcassets */ = {isa = PBXFileReference; lastKnownFileType = folder.assetcatalog; path = "Preview Assets.xcassets"; sourceTree = "<group>"; };
		FA884796252811DC00326FBA /* Base */ = {isa = PBXFileReference; lastKnownFileType = file.storyboard; name = Base; path = Base.lproj/LaunchScreen.storyboard; sourceTree = "<group>"; };
		FA884798252811DC00326FBA /* Info.plist */ = {isa = PBXFileReference; lastKnownFileType = text.plist.xml; path = Info.plist; sourceTree = "<group>"; };
		FA88479F2528120100326FBA /* RefreshNewsList.swift */ = {isa = PBXFileReference; lastKnownFileType = sourcecode.swift; path = RefreshNewsList.swift; sourceTree = "<group>"; };
		FA8847A02528120100326FBA /* NewsResponse.swift */ = {isa = PBXFileReference; lastKnownFileType = sourcecode.swift; path = NewsResponse.swift; sourceTree = "<group>"; };
		FA8847A12528120100326FBA /* Data.swift */ = {isa = PBXFileReference; lastKnownFileType = sourcecode.swift; path = Data.swift; sourceTree = "<group>"; };
		FA8847AC2528176700326FBA /* NewsList.swift */ = {isa = PBXFileReference; lastKnownFileType = sourcecode.swift; path = NewsList.swift; sourceTree = "<group>"; };
		FA8847AF25281A6800326FBA /* NewsCell.swift */ = {isa = PBXFileReference; lastKnownFileType = sourcecode.swift; path = NewsCell.swift; sourceTree = "<group>"; };
		FA8847B32528202C00326FBA /* ImageFrom.swift */ = {isa = PBXFileReference; lastKnownFileType = sourcecode.swift; path = ImageFrom.swift; sourceTree = "<group>"; };
		FA8847B92528360D00326FBA /* NewsTags.swift */ = {isa = PBXFileReference; lastKnownFileType = sourcecode.swift; path = NewsTags.swift; sourceTree = "<group>"; };
/* End PBXFileReference section */

/* Begin PBXFrameworksBuildPhase section */
		FA884784252811D900326FBA /* Frameworks */ = {
			isa = PBXFrameworksBuildPhase;
			buildActionMask = 2147483647;
			files = (
			);
			runOnlyForDeploymentPostprocessing = 0;
		};
/* End PBXFrameworksBuildPhase section */

/* Begin PBXGroup section */
		FA88477E252811D900326FBA = {
			isa = PBXGroup;
			children = (
				FA884789252811D900326FBA /* FinalNews */,
				FA884788252811D900326FBA /* Products */,
			);
			sourceTree = "<group>";
		};
		FA884788252811D900326FBA /* Products */ = {
			isa = PBXGroup;
			children = (
				FA884787252811D900326FBA /* FinalNews.app */,
			);
			name = Products;
			sourceTree = "<group>";
		};
		FA884789252811D900326FBA /* FinalNews */ = {
			isa = PBXGroup;
			children = (
				FA8847A92528123500326FBA /* View */,
				FA8847A62528120800326FBA /* Model */,
				FA88478A252811D900326FBA /* AppDelegate.swift */,
				FA88478C252811D900326FBA /* SceneDelegate.swift */,
				FA884790252811DC00326FBA /* Assets.xcassets */,
				FA884795252811DC00326FBA /* LaunchScreen.storyboard */,
				FA884798252811DC00326FBA /* Info.plist */,
				FA884792252811DC00326FBA /* Preview Content */,
			);
			path = FinalNews;
			sourceTree = "<group>";
		};
		FA884792252811DC00326FBA /* Preview Content */ = {
			isa = PBXGroup;
			children = (
				FA884793252811DC00326FBA /* Preview Assets.xcassets */,
			);
			path = "Preview Content";
			sourceTree = "<group>";
		};
		FA8847A62528120800326FBA /* Model */ = {
			isa = PBXGroup;
			children = (
				FA8847A12528120100326FBA /* Data.swift */,
				FA8847A02528120100326FBA /* NewsResponse.swift */,
			);
			path = Model;
			sourceTree = "<group>";
		};
		FA8847A92528123500326FBA /* View */ = {
			isa = PBXGroup;
			children = (
				FA88478E252811D900326FBA /* ContentView.swift */,
				FA88479F2528120100326FBA /* RefreshNewsList.swift */,
				FA8847AC2528176700326FBA /* NewsList.swift */,
				FA8847AF25281A6800326FBA /* NewsCell.swift */,
				FA8847B32528202C00326FBA /* ImageFrom.swift */,
				FA8847B92528360D00326FBA /* NewsTags.swift */,
				88251459252993D800933968 /* FakeMenu.swift */,
				88AC5BAD2529EE900044F45D /* NewsDatePicker.swift */,
			);
			path = View;
			sourceTree = "<group>";
		};
/* End PBXGroup section */

/* Begin PBXNativeTarget section */
		FA884786252811D900326FBA /* FinalNews */ = {
			isa = PBXNativeTarget;
			buildConfigurationList = FA88479B252811DC00326FBA /* Build configuration list for PBXNativeTarget "FinalNews" */;
			buildPhases = (
				FA884783252811D900326FBA /* Sources */,
				FA884784252811D900326FBA /* Frameworks */,
				FA884785252811D900326FBA /* Resources */,
			);
			buildRules = (
			);
			dependencies = (
			);
			name = FinalNews;
			productName = FinalNews;
			productReference = FA884787252811D900326FBA /* FinalNews.app */;
			productType = "com.apple.product-type.application";
		};
/* End PBXNativeTarget section */

/* Begin PBXProject section */
		FA88477F252811D900326FBA /* Project object */ = {
			isa = PBXProject;
			attributes = {
				LastSwiftUpdateCheck = 1200;
				LastUpgradeCheck = 1200;
				TargetAttributes = {
					FA884786252811D900326FBA = {
						CreatedOnToolsVersion = 12.0.1;
					};
				};
			};
			buildConfigurationList = FA884782252811D900326FBA /* Build configuration list for PBXProject "FinalNews" */;
			compatibilityVersion = "Xcode 9.3";
			developmentRegion = en;
			hasScannedForEncodings = 0;
			knownRegions = (
				en,
				Base,
			);
			mainGroup = FA88477E252811D900326FBA;
			productRefGroup = FA884788252811D900326FBA /* Products */;
			projectDirPath = "";
			projectRoot = "";
			targets = (
				FA884786252811D900326FBA /* FinalNews */,
			);
		};
/* End PBXProject section */

/* Begin PBXResourcesBuildPhase section */
		FA884785252811D900326FBA /* Resources */ = {
			isa = PBXResourcesBuildPhase;
			buildActionMask = 2147483647;
			files = (
				FA884797252811DC00326FBA /* LaunchScreen.storyboard in Resources */,
				FA884794252811DC00326FBA /* Preview Assets.xcassets in Resources */,
				FA884791252811DC00326FBA /* Assets.xcassets in Resources */,
			);
			runOnlyForDeploymentPostprocessing = 0;
		};
/* End PBXResourcesBuildPhase section */

/* Begin PBXSourcesBuildPhase section */
		FA884783252811D900326FBA /* Sources */ = {
			isa = PBXSourcesBuildPhase;
			buildActionMask = 2147483647;
			files = (
				FA8847AD2528176700326FBA /* NewsList.swift in Sources */,
				FA88478B252811D900326FBA /* AppDelegate.swift in Sources */,
				FA8847A42528120100326FBA /* RefreshNewsList.swift in Sources */,
				FA8847A32528120100326FBA /* NewsResponse.swift in Sources */,
				88AC5BAE2529EE900044F45D /* NewsDatePicker.swift in Sources */,
				FA88478D252811D900326FBA /* SceneDelegate.swift in Sources */,
				FA88478F252811D900326FBA /* ContentView.swift in Sources */,
				FA8847B42528202C00326FBA /* ImageFrom.swift in Sources */,
				FA8847B025281A6800326FBA /* NewsCell.swift in Sources */,
				8825145A252993D800933968 /* FakeMenu.swift in Sources */,
				FA8847A22528120100326FBA /* Data.swift in Sources */,
				FA8847BA2528360D00326FBA /* NewsTags.swift in Sources */,
			);
			runOnlyForDeploymentPostprocessing = 0;
		};
/* End PBXSourcesBuildPhase section */

/* Begin PBXVariantGroup section */
		FA884795252811DC00326FBA /* LaunchScreen.storyboard */ = {
			isa = PBXVariantGroup;
			children = (
				FA884796252811DC00326FBA /* Base */,
			);
			name = LaunchScreen.storyboard;
			sourceTree = "<group>";
		};
/* End PBXVariantGroup section */

/* Begin XCBuildConfiguration section */
		FA884799252811DC00326FBA /* Debug */ = {
			isa = XCBuildConfiguration;
			buildSettings = {
				ALWAYS_SEARCH_USER_PATHS = NO;
				CLANG_ANALYZER_NONNULL = YES;
				CLANG_ANALYZER_NUMBER_OBJECT_CONVERSION = YES_AGGRESSIVE;
				CLANG_CXX_LANGUAGE_STANDARD = "gnu++14";
				CLANG_CXX_LIBRARY = "libc++";
				CLANG_ENABLE_MODULES = YES;
				CLANG_ENABLE_OBJC_ARC = YES;
				CLANG_ENABLE_OBJC_WEAK = YES;
				CLANG_WARN_BLOCK_CAPTURE_AUTORELEASING = YES;
				CLANG_WARN_BOOL_CONVERSION = YES;
				CLANG_WARN_COMMA = YES;
				CLANG_WARN_CONSTANT_CONVERSION = YES;
				CLANG_WARN_DEPRECATED_OBJC_IMPLEMENTATIONS = YES;
				CLANG_WARN_DIRECT_OBJC_ISA_USAGE = YES_ERROR;
				CLANG_WARN_DOCUMENTATION_COMMENTS = YES;
				CLANG_WARN_EMPTY_BODY = YES;
				CLANG_WARN_ENUM_CONVERSION = YES;
				CLANG_WARN_INFINITE_RECURSION = YES;
				CLANG_WARN_INT_CONVERSION = YES;
				CLANG_WARN_NON_LITERAL_NULL_CONVERSION = YES;
				CLANG_WARN_OBJC_IMPLICIT_RETAIN_SELF = YES;
				CLANG_WARN_OBJC_LITERAL_CONVERSION = YES;
				CLANG_WARN_OBJC_ROOT_CLASS = YES_ERROR;
				CLANG_WARN_QUOTED_INCLUDE_IN_FRAMEWORK_HEADER = YES;
				CLANG_WARN_RANGE_LOOP_ANALYSIS = YES;
				CLANG_WARN_STRICT_PROTOTYPES = YES;
				CLANG_WARN_SUSPICIOUS_MOVE = YES;
				CLANG_WARN_UNGUARDED_AVAILABILITY = YES_AGGRESSIVE;
				CLANG_WARN_UNREACHABLE_CODE = YES;
				CLANG_WARN__DUPLICATE_METHOD_MATCH = YES;
				COPY_PHASE_STRIP = NO;
				DEBUG_INFORMATION_FORMAT = dwarf;
				ENABLE_STRICT_OBJC_MSGSEND = YES;
				ENABLE_TESTABILITY = YES;
				GCC_C_LANGUAGE_STANDARD = gnu11;
				GCC_DYNAMIC_NO_PIC = NO;
				GCC_NO_COMMON_BLOCKS = YES;
				GCC_OPTIMIZATION_LEVEL = 0;
				GCC_PREPROCESSOR_DEFINITIONS = (
					"DEBUG=1",
					"$(inherited)",
				);
				GCC_WARN_64_TO_32_BIT_CONVERSION = YES;
				GCC_WARN_ABOUT_RETURN_TYPE = YES_ERROR;
				GCC_WARN_UNDECLARED_SELECTOR = YES;
				GCC_WARN_UNINITIALIZED_AUTOS = YES_AGGRESSIVE;
				GCC_WARN_UNUSED_FUNCTION = YES;
				GCC_WARN_UNUSED_VARIABLE = YES;
				IPHONEOS_DEPLOYMENT_TARGET = 14.0;
				MTL_ENABLE_DEBUG_INFO = INCLUDE_SOURCE;
				MTL_FAST_MATH = YES;
				ONLY_ACTIVE_ARCH = YES;
				SDKROOT = iphoneos;
				SWIFT_ACTIVE_COMPILATION_CONDITIONS = DEBUG;
				SWIFT_OPTIMIZATION_LEVEL = "-Onone";
			};
			name = Debug;
		};
		FA88479A252811DC00326FBA /* Release */ = {
			isa = XCBuildConfiguration;
			buildSettings = {
				ALWAYS_SEARCH_USER_PATHS = NO;
				CLANG_ANALYZER_NONNULL = YES;
				CLANG_ANALYZER_NUMBER_OBJECT_CONVERSION = YES_AGGRESSIVE;
				CLANG_CXX_LANGUAGE_STANDARD = "gnu++14";
				CLANG_CXX_LIBRARY = "libc++";
				CLANG_ENABLE_MODULES = YES;
				CLANG_ENABLE_OBJC_ARC = YES;
				CLANG_ENABLE_OBJC_WEAK = YES;
				CLANG_WARN_BLOCK_CAPTURE_AUTORELEASING = YES;
				CLANG_WARN_BOOL_CONVERSION = YES;
				CLANG_WARN_COMMA = YES;
				CLANG_WARN_CONSTANT_CONVERSION = YES;
				CLANG_WARN_DEPRECATED_OBJC_IMPLEMENTATIONS = YES;
				CLANG_WARN_DIRECT_OBJC_ISA_USAGE = YES_ERROR;
				CLANG_WARN_DOCUMENTATION_COMMENTS = YES;
				CLANG_WARN_EMPTY_BODY = YES;
				CLANG_WARN_ENUM_CONVERSION = YES;
				CLANG_WARN_INFINITE_RECURSION = YES;
				CLANG_WARN_INT_CONVERSION = YES;
				CLANG_WARN_NON_LITERAL_NULL_CONVERSION = YES;
				CLANG_WARN_OBJC_IMPLICIT_RETAIN_SELF = YES;
				CLANG_WARN_OBJC_LITERAL_CONVERSION = YES;
				CLANG_WARN_OBJC_ROOT_CLASS = YES_ERROR;
				CLANG_WARN_QUOTED_INCLUDE_IN_FRAMEWORK_HEADER = YES;
				CLANG_WARN_RANGE_LOOP_ANALYSIS = YES;
				CLANG_WARN_STRICT_PROTOTYPES = YES;
				CLANG_WARN_SUSPICIOUS_MOVE = YES;
				CLANG_WARN_UNGUARDED_AVAILABILITY = YES_AGGRESSIVE;
				CLANG_WARN_UNREACHABLE_CODE = YES;
				CLANG_WARN__DUPLICATE_METHOD_MATCH = YES;
				COPY_PHASE_STRIP = NO;
				DEBUG_INFORMATION_FORMAT = "dwarf-with-dsym";
				ENABLE_NS_ASSERTIONS = NO;
				ENABLE_STRICT_OBJC_MSGSEND = YES;
				GCC_C_LANGUAGE_STANDARD = gnu11;
				GCC_NO_COMMON_BLOCKS = YES;
				GCC_WARN_64_TO_32_BIT_CONVERSION = YES;
				GCC_WARN_ABOUT_RETURN_TYPE = YES_ERROR;
				GCC_WARN_UNDECLARED_SELECTOR = YES;
				GCC_WARN_UNINITIALIZED_AUTOS = YES_AGGRESSIVE;
				GCC_WARN_UNUSED_FUNCTION = YES;
				GCC_WARN_UNUSED_VARIABLE = YES;
				IPHONEOS_DEPLOYMENT_TARGET = 14.0;
				MTL_ENABLE_DEBUG_INFO = NO;
				MTL_FAST_MATH = YES;
				SDKROOT = iphoneos;
				SWIFT_COMPILATION_MODE = wholemodule;
				SWIFT_OPTIMIZATION_LEVEL = "-O";
				VALIDATE_PRODUCT = YES;
			};
			name = Release;
		};
		FA88479C252811DC00326FBA /* Debug */ = {
			isa = XCBuildConfiguration;
			buildSettings = {
				ASSETCATALOG_COMPILER_APPICON_NAME = AppIcon;
				ASSETCATALOG_COMPILER_GLOBAL_ACCENT_COLOR_NAME = AccentColor;
				CODE_SIGN_STYLE = Automatic;
				DEVELOPMENT_ASSET_PATHS = "\"FinalNews/Preview Content\"";
				DEVELOPMENT_TEAM = 95Q7BF5S85;
				ENABLE_PREVIEWS = YES;
				INFOPLIST_FILE = FinalNews/Info.plist;
				IPHONEOS_DEPLOYMENT_TARGET = 13.5;
				LD_RUNPATH_SEARCH_PATHS = (
					"$(inherited)",
					"@executable_path/Frameworks",
				);
				PRODUCT_BUNDLE_IDENTIFIER = "Alexey-Orekhov.FinalNews";
				PRODUCT_NAME = "$(TARGET_NAME)";
				SWIFT_VERSION = 5.0;
				TARGETED_DEVICE_FAMILY = 1;
			};
			name = Debug;
		};
		FA88479D252811DC00326FBA /* Release */ = {
			isa = XCBuildConfiguration;
			buildSettings = {
				ASSETCATALOG_COMPILER_APPICON_NAME = AppIcon;
				ASSETCATALOG_COMPILER_GLOBAL_ACCENT_COLOR_NAME = AccentColor;
				CODE_SIGN_STYLE = Automatic;
				DEVELOPMENT_ASSET_PATHS = "\"FinalNews/Preview Content\"";
				DEVELOPMENT_TEAM = 95Q7BF5S85;
				ENABLE_PREVIEWS = YES;
				INFOPLIST_FILE = FinalNews/Info.plist;
				IPHONEOS_DEPLOYMENT_TARGET = 13.5;
				LD_RUNPATH_SEARCH_PATHS = (
					"$(inherited)",
					"@executable_path/Frameworks",
				);
				PRODUCT_BUNDLE_IDENTIFIER = "Alexey-Orekhov.FinalNews";
				PRODUCT_NAME = "$(TARGET_NAME)";
				SWIFT_VERSION = 5.0;
				TARGETED_DEVICE_FAMILY = 1;
			};
			name = Release;
		};
/* End XCBuildConfiguration section */

/* Begin XCConfigurationList section */
		FA884782252811D900326FBA /* Build configuration list for PBXProject "FinalNews" */ = {
			isa = XCConfigurationList;
			buildConfigurations = (
				FA884799252811DC00326FBA /* Debug */,
				FA88479A252811DC00326FBA /* Release */,
			);
			defaultConfigurationIsVisible = 0;
			defaultConfigurationName = Release;
		};
		FA88479B252811DC00326FBA /* Build configuration list for PBXNativeTarget "FinalNews" */ = {
			isa = XCConfigurationList;
			buildConfigurations = (
				FA88479C252811DC00326FBA /* Debug */,
				FA88479D252811DC00326FBA /* Release */,
			);
			defaultConfigurationIsVisible = 0;
			defaultConfigurationName = Release;
		};
/* End XCConfigurationList section */
	};
	rootObject = FA88477F252811D900326FBA /* Project object */;
}
